# @generated by Move, please check-in and do not edit manually.

[move]
version = 1
manifest_digest = "75CADFEA85429C4441159AF6395909CADE023605640CDD56DDFD074C52E68329"
deps_digest = "F8BBB0CCB2491CA29A3DF03D6F92277A4F3574266507ACD77214D37ECA3F3082"
dependencies = [
  { name = "Sui" },
]

[[move.package]]
name = "MoveStdlib"
source = { git = "https://github.com/MystenLabs/sui.git", rev = "framework/testnet", subdir = "crates/sui-framework/packages/move-stdlib" }

[[move.package]]
name = "Sui"
source = { git = "https://github.com/MystenLabs/sui.git", rev = "framework/testnet", subdir = "crates/sui-framework/packages/sui-framework" }

dependencies = [
  { name = "MoveStdlib" },
]

[move.toolchain-version]
compiler-version = "1.24.1"
edition = "2024.beta"
flavor = "sui"

[env]

[env.testnet]
chain-id = "4c78adac"
original-published-id = "0x33dae8c1b1fcf47da7718194c0ae1c5e7bf903ac049b3dc51b8610030dd27e0c"
latest-published-id = "0x33dae8c1b1fcf47da7718194c0ae1c5e7bf903ac049b3dc51b8610030dd27e0c"
published-version = "1"
